
Microsoft Visual Studio Solution File, Format Version 12.00
# Visual Studio Version 17
VisualStudioVersion = 17.7.34031.279
MinimumVisualStudioVersion = 10.0.40219.1
Project("{FAE04EC0-301F-11D3-BF4B-00C04F79EFBC}") = "задание3", "WpfApp11\задание3.csproj", "{07EE4B75-87D9-4466-9441-6C5D03BE8F85}"
EndProject
Project("{FAE04EC0-301F-11D3-BF4B-00C04F79EFBC}") = "задание4", "WpfApp1\задание4.csproj", "{79185ED1-8CDF-4514-A0BD-D6CE701AEA97}"
EndProject
Project("{FAE04EC0-301F-11D3-BF4B-00C04F79EFBC}") = "Заданиие2", "WpfApp2\Заданиие2.csproj", "{257691C8-2E3E-4C2B-AA7D-4C9B7E12AB2F}"
EndProject
Global
	GlobalSection(SolutionConfigurationPlatforms) = preSolution
		Debug|Any CPU = Debug|Any CPU
		Release|Any CPU = Release|Any CPU
	EndGlobalSection
	GlobalSection(ProjectConfigurationPlatforms) = postSolution
		{07EE4B75-87D9-4466-9441-6C5D03BE8F85}.Debug|Any CPU.ActiveCfg = Debug|Any CPU
		{07EE4B75-87D9-4466-9441-6C5D03BE8F85}.Debug|Any CPU.Build.0 = Debug|Any CPU
		{07EE4B75-87D9-4466-9441-6C5D03BE8F85}.Release|Any CPU.ActiveCfg = Release|Any CPU
		{07EE4B75-87D9-4466-9441-6C5D03BE8F85}.Release|Any CPU.Build.0 = Release|Any CPU
		{79185ED1-8CDF-4514-A0BD-D6CE701AEA97}.Debug|Any CPU.ActiveCfg = Debug|Any CPU
		{79185ED1-8CDF-4514-A0BD-D6CE701AEA97}.Debug|Any CPU.Build.0 = Debug|Any CPU
		{79185ED1-8CDF-4514-A0BD-D6CE701AEA97}.Release|Any CPU.ActiveCfg = Release|Any CPU
		{79185ED1-8CDF-4514-A0BD-D6CE701AEA97}.Release|Any CPU.Build.0 = Release|Any CPU
		{257691C8-2E3E-4C2B-AA7D-4C9B7E12AB2F}.Debug|Any CPU.ActiveCfg = Debug|Any CPU
		{257691C8-2E3E-4C2B-AA7D-4C9B7E12AB2F}.Debug|Any CPU.Build.0 = Debug|Any CPU
		{257691C8-2E3E-4C2B-AA7D-4C9B7E12AB2F}.Release|Any CPU.ActiveCfg = Release|Any CPU
		{257691C8-2E3E-4C2B-AA7D-4C9B7E12AB2F}.Release|Any CPU.Build.0 = Release|Any CPU
	EndGlobalSection
	GlobalSection(SolutionProperties) = preSolution
		HideSolutionNode = FALSE
	EndGlobalSection
	GlobalSection(ExtensibilityGlobals) = postSolution
		SolutionGuid = {F51C9785-7F8C-4EC7-9251-4C74C89F6FF8}
	EndGlobalSection
EndGlobal
